
Microsoft Visual Studio Solution File, Format Version 12.00
# Visual Studio Version 17
VisualStudioVersion = 17.7.34031.279
MinimumVisualStudioVersion = 10.0.40219.1
Project("{9A19103F-16F7-4668-BE54-9A1E7A4F7556}") = "OrdersWeb.API", "OrdersWeb\OrdersWeb.API.csproj", "{38586B9F-F344-42C7-8666-DC0A57A6F2F3}"
EndProject
Project("{9A19103F-16F7-4668-BE54-9A1E7A4F7556}") = "OrdersWeb.DAL", "OrdersWeb.DAL\OrdersWeb.DAL.csproj", "{F085D1BC-BBCA-42D3-A681-D67240AC2B66}"
EndProject
Project("{9A19103F-16F7-4668-BE54-9A1E7A4F7556}") = "OrdersWeb.BLL", "OrdersWeb.BLL\OrdersWeb.BLL.csproj", "{3E7AD891-279F-4ED9-9660-AAE6F70A9DC8}"
EndProject
Global
	GlobalSection(SolutionConfigurationPlatforms) = preSolution
		Debug|Any CPU = Debug|Any CPU
		Release|Any CPU = Release|Any CPU
	EndGlobalSection
	GlobalSection(ProjectConfigurationPlatforms) = postSolution
		{38586B9F-F344-42C7-8666-DC0A57A6F2F3}.Debug|Any CPU.ActiveCfg = Debug|Any CPU
		{38586B9F-F344-42C7-8666-DC0A57A6F2F3}.Debug|Any CPU.Build.0 = Debug|Any CPU
		{38586B9F-F344-42C7-8666-DC0A57A6F2F3}.Release|Any CPU.ActiveCfg = Release|Any CPU
		{38586B9F-F344-42C7-8666-DC0A57A6F2F3}.Release|Any CPU.Build.0 = Release|Any CPU
		{F085D1BC-BBCA-42D3-A681-D67240AC2B66}.Debug|Any CPU.ActiveCfg = Debug|Any CPU
		{F085D1BC-BBCA-42D3-A681-D67240AC2B66}.Debug|Any CPU.Build.0 = Debug|Any CPU
		{F085D1BC-BBCA-42D3-A681-D67240AC2B66}.Release|Any CPU.ActiveCfg = Release|Any CPU
		{F085D1BC-BBCA-42D3-A681-D67240AC2B66}.Release|Any CPU.Build.0 = Release|Any CPU
		{3E7AD891-279F-4ED9-9660-AAE6F70A9DC8}.Debug|Any CPU.ActiveCfg = Debug|Any CPU
		{3E7AD891-279F-4ED9-9660-AAE6F70A9DC8}.Debug|Any CPU.Build.0 = Debug|Any CPU
		{3E7AD891-279F-4ED9-9660-AAE6F70A9DC8}.Release|Any CPU.ActiveCfg = Release|Any CPU
		{3E7AD891-279F-4ED9-9660-AAE6F70A9DC8}.Release|Any CPU.Build.0 = Release|Any CPU
	EndGlobalSection
	GlobalSection(SolutionProperties) = preSolution
		HideSolutionNode = FALSE
	EndGlobalSection
	GlobalSection(ExtensibilityGlobals) = postSolution
		SolutionGuid = {D591EEFB-2D0C-462C-8E87-C51AA3A4DAB8}
	EndGlobalSection
EndGlobal
